{
  "version": 4,
  "terraform_version": "1.7.3",
  "serial": 3,
  "lineage": "6149482b-67e0-1945-9080-b01a71b0570d",
  "outputs": {},
  "resources": [
    {
      "mode": "managed",
      "type": "aws_instance",
      "name": "ec2",
      "provider": "provider[\"registry.terraform.io/hashicorp/aws\"]",
      "instances": [
        {
          "schema_version": 1,
          "attributes": {
            "ami": "ami-0f3c7d07486cad139",
            "arn": "arn:aws:ec2:us-east-1:992382390776:instance/i-050afaa84fa250436",
            "associate_public_ip_address": true,
            "availability_zone": "us-east-1c",
            "capacity_reservation_specification": [
              {
                "capacity_reservation_preference": "open",
                "capacity_reservation_target": []
              }
            ],
            "cpu_core_count": 1,
            "cpu_options": [
              {
                "amd_sev_snp": "",
                "core_count": 1,
                "threads_per_core": 1
              }
            ],
            "cpu_threads_per_core": 1,
            "credit_specification": [
              {
                "cpu_credits": "standard"
              }
            ],
            "disable_api_stop": false,
            "disable_api_termination": false,
            "ebs_block_device": [],
            "ebs_optimized": false,
            "enclave_options": [
              {
                "enabled": false
              }
            ],
            "ephemeral_block_device": [],
            "get_password_data": false,
            "hibernation": false,
            "host_id": "",
            "host_resource_group_arn": null,
            "iam_instance_profile": "",
            "id": "i-050afaa84fa250436",
            "instance_initiated_shutdown_behavior": "stop",
            "instance_lifecycle": "",
            "instance_market_options": [],
            "instance_state": "running",
            "instance_type": "t2.micro",
            "ipv6_address_count": 0,
            "ipv6_addresses": [],
            "key_name": "",
            "launch_template": [],
            "maintenance_options": [
              {
                "auto_recovery": "default"
              }
            ],
            "metadata_options": [
              {
                "http_endpoint": "enabled",
                "http_protocol_ipv6": "disabled",
                "http_put_response_hop_limit": 1,
                "http_tokens": "optional",
                "instance_metadata_tags": "disabled"
              }
            ],
            "monitoring": false,
            "network_interface": [],
            "outpost_arn": "",
            "password_data": "",
            "placement_group": "",
            "placement_partition_number": 0,
            "primary_network_interface_id": "eni-0e436805de5ed06d9",
            "private_dns": "ip-172-31-36-83.ec2.internal",
            "private_dns_name_options": [
              {
                "enable_resource_name_dns_a_record": false,
                "enable_resource_name_dns_aaaa_record": false,
                "hostname_type": "ip-name"
              }
            ],
            "private_ip": "172.31.36.83",
            "public_dns": "ec2-107-22-32-231.compute-1.amazonaws.com",
            "public_ip": "107.22.32.231",
            "root_block_device": [
              {
                "delete_on_termination": true,
                "device_name": "/dev/sda1",
                "encrypted": false,
                "iops": 100,
                "kms_key_id": "",
                "tags": {},
                "throughput": 0,
                "volume_id": "vol-084703e5163a5728d",
                "volume_size": 10,
                "volume_type": "gp2"
              }
            ],
            "secondary_private_ips": [],
            "security_groups": [
              "default"
            ],
            "source_dest_check": true,
            "spot_instance_request_id": "",
            "subnet_id": "subnet-00f0c0b90854717ce",
            "tags": null,
            "tags_all": {},
            "tenancy": "default",
            "timeouts": null,
            "user_data": null,
            "user_data_base64": null,
            "user_data_replace_on_change": false,
            "volume_tags": null,
            "vpc_security_group_ids": [
              "sg-079c84d89e61c727c"
            ]
          },
          "sensitive_attributes": [],
          "private": "eyJlMmJmYjczMC1lY2FhLTExZTYtOGY4OC0zNDM2M2JjN2M0YzAiOnsiY3JlYXRlIjo2MDAwMDAwMDAwMDAsImRlbGV0ZSI6MTIwMDAwMDAwMDAwMCwidXBkYXRlIjo2MDAwMDAwMDAwMDB9LCJzY2hlbWFfdmVyc2lvbiI6IjEifQ=="
        }
      ]
    },
    {
      "mode": "managed",
      "type": "aws_key_pair",
      "name": "deployer",
      "provider": "provider[\"registry.terraform.io/hashicorp/aws\"]",
      "instances": [
        {
          "schema_version": 1,
          "attributes": {
            "arn": "arn:aws:ec2:us-east-1:992382390776:key-pair/devops-pub",
            "fingerprint": "d9:41:a1:08:f7:68:1a:19:8e:9c:b4:10:fd:5d:87:8f",
            "id": "devops-pub",
            "key_name": "devops-pub",
            "key_name_prefix": "",
            "key_pair_id": "key-05e92a2d05a33e86f",
            "key_type": "rsa",
            "public_key": "ssh-rsa AAAAB3NzaC1yc2EAAAADAQABAAABgQCkP3dSLTx6z9OLGFd94PaMxAvrDSbIKYE0tkrj9tsqNyB8+mPIHoXxFZqmFeiR39aCCf9bF/yyxk1I607ig3ofkeshrO+gnsNVPEs0yboHArj3ewZnGx/h3Fx8fX7ypzTt/ZkLjTy6VSyMIITZEStHiKheuvoIdSk6rgvXLjP6n+B6tm1fJHNjePr5GSo08iRU5a7rYzFV9pgWnBzlw6rBiO/81kppQnFgOWHISfboSu7xELE8rxvhr63zBh3jUGs3uSog77oCMxOBeEp/XJ/1AeOSiA4fQMNA6/HbEkamg/qktmD7TypgMjE7V72fhestqIvBbNXl91DJeEVaaR2niSGsLR/8t+EhT6WlF+mglFJlcE5ezYTPloOhpzu9zJJUqwmuPq+ZZcfqo0+0cbLkgWrm5A0JjwbpG6hBHRD/YpLVXy386G+tgBSUrHlPnt75SSPYd0DFDljhg0Pd+xLQswN8pU+O4FDvcNAOwdiErjzWf0Ry7OxfDCSi53fhMG8= LENOVO@LAPTOP-RHS8F5Q7",
            "tags": {},
            "tags_all": {}
          },
          "sensitive_attributes": [],
          "private": "eyJzY2hlbWFfdmVyc2lvbiI6IjEifQ=="
        }
      ]
    }
  ],
  "check_results": null
}
